
Microsoft Visual Studio Solution File, Format Version 12.00
# Visual Studio Version 17
VisualStudioVersion = 17.14.36401.2 d17.14
MinimumVisualStudioVersion = 10.0.40219.1
Project("{FAE04EC0-301F-11D3-BF4B-00C04F79EFBC}") = "WebBanLapTop", "WebBanLapTop\WebBanLapTop.csproj", "{630BC3D1-6A36-49AA-8B48-89BB9CFDFE9E}"
EndProject
Global
	GlobalSection(SolutionConfigurationPlatforms) = preSolution
		Debug|Any CPU = Debug|Any CPU
		Release|Any CPU = Release|Any CPU
	EndGlobalSection
	GlobalSection(ProjectConfigurationPlatforms) = postSolution
		{630BC3D1-6A36-49AA-8B48-89BB9CFDFE9E}.Debug|Any CPU.ActiveCfg = Debug|Any CPU
		{630BC3D1-6A36-49AA-8B48-89BB9CFDFE9E}.Debug|Any CPU.Build.0 = Debug|Any CPU
		{630BC3D1-6A36-49AA-8B48-89BB9CFDFE9E}.Release|Any CPU.ActiveCfg = Release|Any CPU
		{630BC3D1-6A36-49AA-8B48-89BB9CFDFE9E}.Release|Any CPU.Build.0 = Release|Any CPU
	EndGlobalSection
	GlobalSection(SolutionProperties) = preSolution
		HideSolutionNode = FALSE
	EndGlobalSection
	GlobalSection(ExtensibilityGlobals) = postSolution
		SolutionGuid = {7860A99C-CE97-4DB9-97AC-ACEDBEF83AF5}
	EndGlobalSection
EndGlobal
